
Microsoft Visual Studio Solution File, Format Version 12.00
Project("{FAE04EC0-301F-11D3-BF4B-00C04F79EFBC}") = "Bomber.FileService.Api", "src\Bomber.FileService.Api\Bomber.FileService.Api.csproj", "{7464FE73-709E-4952-8C63-4201C167549B}"
EndProject
Project("{FAE04EC0-301F-11D3-BF4B-00C04F79EFBC}") = "Bomber.FileService.Tests", "tests\Bomber.FileService.Tests\Bomber.FileService.Tests.csproj", "{2397CB9A-DBF3-4BE2-80B3-1D601DD59445}"
EndProject
Global
	GlobalSection(SolutionConfigurationPlatforms) = preSolution
		Debug|Any CPU = Debug|Any CPU
		Release|Any CPU = Release|Any CPU
	EndGlobalSection
	GlobalSection(ProjectConfigurationPlatforms) = postSolution
		{7464FE73-709E-4952-8C63-4201C167549B}.Debug|Any CPU.ActiveCfg = Debug|Any CPU
		{7464FE73-709E-4952-8C63-4201C167549B}.Debug|Any CPU.Build.0 = Debug|Any CPU
		{7464FE73-709E-4952-8C63-4201C167549B}.Release|Any CPU.ActiveCfg = Release|Any CPU
		{7464FE73-709E-4952-8C63-4201C167549B}.Release|Any CPU.Build.0 = Release|Any CPU
		{2397CB9A-DBF3-4BE2-80B3-1D601DD59445}.Debug|Any CPU.ActiveCfg = Debug|Any CPU
		{2397CB9A-DBF3-4BE2-80B3-1D601DD59445}.Debug|Any CPU.Build.0 = Debug|Any CPU
		{2397CB9A-DBF3-4BE2-80B3-1D601DD59445}.Release|Any CPU.ActiveCfg = Release|Any CPU
		{2397CB9A-DBF3-4BE2-80B3-1D601DD59445}.Release|Any CPU.Build.0 = Release|Any CPU
	EndGlobalSection
EndGlobal
